
Microsoft Visual Studio Solution File, Format Version 12.00
# Visual Studio Version 17
VisualStudioVersion = 17.0.31903.59
MinimumVisualStudioVersion = 10.0.40219.1
Project("{2150E333-8FDC-42A3-9474-1A3956D46DE8}") = "src", "src", "{C973E84F-8062-4663-BBE0-D6F1C452D26E}"
EndProject
Project("{FAE04EC0-301F-11D3-BF4B-00C04F79EFBC}") = "Rse.Engine", "src\Rse.Engine\Rse.Engine.csproj", "{38ED4340-3798-48B8-B6B5-900700E65E01}"
EndProject
Project("{FAE04EC0-301F-11D3-BF4B-00C04F79EFBC}") = "Rse.Api", "src\Rse.Api\Rse.Api.csproj", "{1165079E-F848-4462-A5C6-A61CBD0DC438}"
EndProject
Project("{FAE04EC0-301F-11D3-BF4B-00C04F79EFBC}") = "Rse.Cli", "src\Rse.Cli\Rse.Cli.csproj", "{9FFE4E84-F237-44B8-8B99-A8E17D8451FE}"
EndProject
Project("{2150E333-8FDC-42A3-9474-1A3956D46DE8}") = "tests", "tests", "{A5EA6E69-D1D1-461E-B7D2-6737E0A0BEC1}"
EndProject
Project("{FAE04EC0-301F-11D3-BF4B-00C04F79EFBC}") = "Rse.Engine.Tests", "tests\Rse.Engine.Tests\Rse.Engine.Tests.csproj", "{DB3E6DB4-4FD2-47BD-B57A-045985388D50}"
EndProject
Project("{FAE04EC0-301F-11D3-BF4B-00C04F79EFBC}") = "Rse.Api.Tests", "tests\Rse.Api.Tests\Rse.Api.Tests.csproj", "{E9EF0F03-DC35-49C4-A343-9B47FAD05F2E}"
EndProject
Project("{2150E333-8FDC-42A3-9474-1A3956D46DE8}") = "bench", "bench", "{57667F07-FEAE-465F-9E43-EB92AD3A1DFE}"
EndProject
Project("{FAE04EC0-301F-11D3-BF4B-00C04F79EFBC}") = "Rse.Bench", "bench\Rse.Bench\Rse.Bench.csproj", "{DB2E8833-013A-4163-9D7A-30ED5CFA679D}"
EndProject
Global
	GlobalSection(SolutionConfigurationPlatforms) = preSolution
		Debug|Any CPU = Debug|Any CPU
		Release|Any CPU = Release|Any CPU
	EndGlobalSection
	GlobalSection(SolutionProperties) = preSolution
		HideSolutionNode = FALSE
	EndGlobalSection
	GlobalSection(ProjectConfigurationPlatforms) = postSolution
		{38ED4340-3798-48B8-B6B5-900700E65E01}.Debug|Any CPU.ActiveCfg = Debug|Any CPU
		{38ED4340-3798-48B8-B6B5-900700E65E01}.Debug|Any CPU.Build.0 = Debug|Any CPU
		{38ED4340-3798-48B8-B6B5-900700E65E01}.Release|Any CPU.ActiveCfg = Release|Any CPU
		{38ED4340-3798-48B8-B6B5-900700E65E01}.Release|Any CPU.Build.0 = Release|Any CPU
		{1165079E-F848-4462-A5C6-A61CBD0DC438}.Debug|Any CPU.ActiveCfg = Debug|Any CPU
		{1165079E-F848-4462-A5C6-A61CBD0DC438}.Debug|Any CPU.Build.0 = Debug|Any CPU
		{1165079E-F848-4462-A5C6-A61CBD0DC438}.Release|Any CPU.ActiveCfg = Release|Any CPU
		{1165079E-F848-4462-A5C6-A61CBD0DC438}.Release|Any CPU.Build.0 = Release|Any CPU
		{9FFE4E84-F237-44B8-8B99-A8E17D8451FE}.Debug|Any CPU.ActiveCfg = Debug|Any CPU
		{9FFE4E84-F237-44B8-8B99-A8E17D8451FE}.Debug|Any CPU.Build.0 = Debug|Any CPU
		{9FFE4E84-F237-44B8-8B99-A8E17D8451FE}.Release|Any CPU.ActiveCfg = Release|Any CPU
		{9FFE4E84-F237-44B8-8B99-A8E17D8451FE}.Release|Any CPU.Build.0 = Release|Any CPU
		{DB3E6DB4-4FD2-47BD-B57A-045985388D50}.Debug|Any CPU.ActiveCfg = Debug|Any CPU
		{DB3E6DB4-4FD2-47BD-B57A-045985388D50}.Debug|Any CPU.Build.0 = Debug|Any CPU
		{DB3E6DB4-4FD2-47BD-B57A-045985388D50}.Release|Any CPU.ActiveCfg = Release|Any CPU
		{DB3E6DB4-4FD2-47BD-B57A-045985388D50}.Release|Any CPU.Build.0 = Release|Any CPU
		{E9EF0F03-DC35-49C4-A343-9B47FAD05F2E}.Debug|Any CPU.ActiveCfg = Debug|Any CPU
		{E9EF0F03-DC35-49C4-A343-9B47FAD05F2E}.Debug|Any CPU.Build.0 = Debug|Any CPU
		{E9EF0F03-DC35-49C4-A343-9B47FAD05F2E}.Release|Any CPU.ActiveCfg = Release|Any CPU
		{E9EF0F03-DC35-49C4-A343-9B47FAD05F2E}.Release|Any CPU.Build.0 = Release|Any CPU
		{DB2E8833-013A-4163-9D7A-30ED5CFA679D}.Debug|Any CPU.ActiveCfg = Debug|Any CPU
		{DB2E8833-013A-4163-9D7A-30ED5CFA679D}.Debug|Any CPU.Build.0 = Debug|Any CPU
		{DB2E8833-013A-4163-9D7A-30ED5CFA679D}.Release|Any CPU.ActiveCfg = Release|Any CPU
		{DB2E8833-013A-4163-9D7A-30ED5CFA679D}.Release|Any CPU.Build.0 = Release|Any CPU
	EndGlobalSection
	GlobalSection(NestedProjects) = preSolution
		{38ED4340-3798-48B8-B6B5-900700E65E01} = {C973E84F-8062-4663-BBE0-D6F1C452D26E}
		{1165079E-F848-4462-A5C6-A61CBD0DC438} = {C973E84F-8062-4663-BBE0-D6F1C452D26E}
		{9FFE4E84-F237-44B8-8B99-A8E17D8451FE} = {C973E84F-8062-4663-BBE0-D6F1C452D26E}
		{DB3E6DB4-4FD2-47BD-B57A-045985388D50} = {A5EA6E69-D1D1-461E-B7D2-6737E0A0BEC1}
		{E9EF0F03-DC35-49C4-A343-9B47FAD05F2E} = {A5EA6E69-D1D1-461E-B7D2-6737E0A0BEC1}
		{DB2E8833-013A-4163-9D7A-30ED5CFA679D} = {57667F07-FEAE-465F-9E43-EB92AD3A1DFE}
	EndGlobalSection
EndGlobal
